
Microsoft Visual Studio Solution File, Format Version 12.00
# Visual Studio Version 16
VisualStudioVersion = 16.0.29709.97
MinimumVisualStudioVersion = 10.0.40219.1
Project("{FAE04EC0-301F-11D3-BF4B-00C04F79EFBC}") = "BeeBreeding", "BeeBreeding\BeeBreeding.csproj", "{DF12C576-3F04-4673-9307-E657E67EAA76}"
EndProject
Project("{2150E333-8FDC-42A3-9474-1A3956D46DE8}") = "Solution Items", "Solution Items", "{B7ECD94B-C32B-4850-8036-76ACA8EC42E4}"
EndProject
Global
	GlobalSection(SolutionConfigurationPlatforms) = preSolution
		Debug|Any CPU = Debug|Any CPU
		Release|Any CPU = Release|Any CPU
	EndGlobalSection
	GlobalSection(ProjectConfigurationPlatforms) = postSolution
		{DF12C576-3F04-4673-9307-E657E67EAA76}.Debug|Any CPU.ActiveCfg = Debug|Any CPU
		{DF12C576-3F04-4673-9307-E657E67EAA76}.Debug|Any CPU.Build.0 = Debug|Any CPU
		{DF12C576-3F04-4673-9307-E657E67EAA76}.Release|Any CPU.ActiveCfg = Release|Any CPU
		{DF12C576-3F04-4673-9307-E657E67EAA76}.Release|Any CPU.Build.0 = Release|Any CPU
	EndGlobalSection
	GlobalSection(SolutionProperties) = preSolution
		HideSolutionNode = FALSE
	EndGlobalSection
	GlobalSection(ExtensibilityGlobals) = postSolution
		SolutionGuid = {B2489822-DE39-4443-B03F-5351D7F105DF}
	EndGlobalSection
EndGlobal
